
Microsoft Visual Studio Solution File, Format Version 12.00
# Visual Studio Version 16
VisualStudioVersion = 16.0.30517.126
MinimumVisualStudioVersion = 10.0.40219.1
Project("{9A19103F-16F7-4668-BE54-9A1E7A4F7556}") = "Bonus Score", "Bonus Score\Bonus Score.csproj", "{8AA85F3C-01C8-492B-AEAB-4B82C33B9529}"
EndProject
Project("{9A19103F-16F7-4668-BE54-9A1E7A4F7556}") = "Sum Seconds", "Sum Seconds\Sum Seconds.csproj", "{234263F9-D4D5-4A06-B10E-353CF00AA6D9}"
EndProject
Project("{9A19103F-16F7-4668-BE54-9A1E7A4F7556}") = "Time + 15 Minutes", "Time + 15 Minutes\Time + 15 Minutes.csproj", "{75BDF22F-7514-4DC7-9EA7-D22988178733}"
EndProject
Project("{FAE04EC0-301F-11D3-BF4B-00C04F79EFBC}") = "Speed Info", "Speed Info\Speed Info.csproj", "{DA2B8F30-7C93-45DD-BCB1-949C6A9DAAED}"
EndProject
Project("{FAE04EC0-301F-11D3-BF4B-00C04F79EFBC}") = "Metric Converter", "Metric Converter\Metric Converter.csproj", "{DE9F0460-4EF9-498F-9D86-0160D8736E94}"
EndProject
Project("{FAE04EC0-301F-11D3-BF4B-00C04F79EFBC}") = "Godzilla vs. Kong", "Godzilla vs. Kong\Godzilla vs. Kong.csproj", "{C17668EE-B4B2-4CD3-BE79-2CAB30DC13E4}"
EndProject
Project("{FAE04EC0-301F-11D3-BF4B-00C04F79EFBC}") = "World Swimming Record", "World Swimming Record\World Swimming Record.csproj", "{10DAE8B2-2CBE-4AAA-A735-4CC320E2E4C7}"
EndProject
Project("{FAE04EC0-301F-11D3-BF4B-00C04F79EFBC}") = "Scholarship", "Scholarship\Scholarship.csproj", "{CDB16095-3923-43D1-9DE1-8355829D243D}"
EndProject
Global
	GlobalSection(SolutionConfigurationPlatforms) = preSolution
		Debug|Any CPU = Debug|Any CPU
		Release|Any CPU = Release|Any CPU
	EndGlobalSection
	GlobalSection(ProjectConfigurationPlatforms) = postSolution
		{8AA85F3C-01C8-492B-AEAB-4B82C33B9529}.Debug|Any CPU.ActiveCfg = Debug|Any CPU
		{8AA85F3C-01C8-492B-AEAB-4B82C33B9529}.Debug|Any CPU.Build.0 = Debug|Any CPU
		{8AA85F3C-01C8-492B-AEAB-4B82C33B9529}.Release|Any CPU.ActiveCfg = Release|Any CPU
		{8AA85F3C-01C8-492B-AEAB-4B82C33B9529}.Release|Any CPU.Build.0 = Release|Any CPU
		{234263F9-D4D5-4A06-B10E-353CF00AA6D9}.Debug|Any CPU.ActiveCfg = Debug|Any CPU
		{234263F9-D4D5-4A06-B10E-353CF00AA6D9}.Debug|Any CPU.Build.0 = Debug|Any CPU
		{234263F9-D4D5-4A06-B10E-353CF00AA6D9}.Release|Any CPU.ActiveCfg = Release|Any CPU
		{234263F9-D4D5-4A06-B10E-353CF00AA6D9}.Release|Any CPU.Build.0 = Release|Any CPU
		{75BDF22F-7514-4DC7-9EA7-D22988178733}.Debug|Any CPU.ActiveCfg = Debug|Any CPU
		{75BDF22F-7514-4DC7-9EA7-D22988178733}.Debug|Any CPU.Build.0 = Debug|Any CPU
		{75BDF22F-7514-4DC7-9EA7-D22988178733}.Release|Any CPU.ActiveCfg = Release|Any CPU
		{75BDF22F-7514-4DC7-9EA7-D22988178733}.Release|Any CPU.Build.0 = Release|Any CPU
		{DA2B8F30-7C93-45DD-BCB1-949C6A9DAAED}.Debug|Any CPU.ActiveCfg = Debug|Any CPU
		{DA2B8F30-7C93-45DD-BCB1-949C6A9DAAED}.Debug|Any CPU.Build.0 = Debug|Any CPU
		{DA2B8F30-7C93-45DD-BCB1-949C6A9DAAED}.Release|Any CPU.ActiveCfg = Release|Any CPU
		{DA2B8F30-7C93-45DD-BCB1-949C6A9DAAED}.Release|Any CPU.Build.0 = Release|Any CPU
		{DE9F0460-4EF9-498F-9D86-0160D8736E94}.Debug|Any CPU.ActiveCfg = Debug|Any CPU
		{DE9F0460-4EF9-498F-9D86-0160D8736E94}.Debug|Any CPU.Build.0 = Debug|Any CPU
		{DE9F0460-4EF9-498F-9D86-0160D8736E94}.Release|Any CPU.ActiveCfg = Release|Any CPU
		{DE9F0460-4EF9-498F-9D86-0160D8736E94}.Release|Any CPU.Build.0 = Release|Any CPU
		{C17668EE-B4B2-4CD3-BE79-2CAB30DC13E4}.Debug|Any CPU.ActiveCfg = Debug|Any CPU
		{C17668EE-B4B2-4CD3-BE79-2CAB30DC13E4}.Debug|Any CPU.Build.0 = Debug|Any CPU
		{C17668EE-B4B2-4CD3-BE79-2CAB30DC13E4}.Release|Any CPU.ActiveCfg = Release|Any CPU
		{C17668EE-B4B2-4CD3-BE79-2CAB30DC13E4}.Release|Any CPU.Build.0 = Release|Any CPU
		{10DAE8B2-2CBE-4AAA-A735-4CC320E2E4C7}.Debug|Any CPU.ActiveCfg = Debug|Any CPU
		{10DAE8B2-2CBE-4AAA-A735-4CC320E2E4C7}.Debug|Any CPU.Build.0 = Debug|Any CPU
		{10DAE8B2-2CBE-4AAA-A735-4CC320E2E4C7}.Release|Any CPU.ActiveCfg = Release|Any CPU
		{10DAE8B2-2CBE-4AAA-A735-4CC320E2E4C7}.Release|Any CPU.Build.0 = Release|Any CPU
		{CDB16095-3923-43D1-9DE1-8355829D243D}.Debug|Any CPU.ActiveCfg = Debug|Any CPU
		{CDB16095-3923-43D1-9DE1-8355829D243D}.Debug|Any CPU.Build.0 = Debug|Any CPU
		{CDB16095-3923-43D1-9DE1-8355829D243D}.Release|Any CPU.ActiveCfg = Release|Any CPU
		{CDB16095-3923-43D1-9DE1-8355829D243D}.Release|Any CPU.Build.0 = Release|Any CPU
	EndGlobalSection
	GlobalSection(SolutionProperties) = preSolution
		HideSolutionNode = FALSE
	EndGlobalSection
	GlobalSection(ExtensibilityGlobals) = postSolution
		SolutionGuid = {21399850-F337-40DB-A89E-DAFCC0594AB6}
	EndGlobalSection
EndGlobal
