
Microsoft Visual Studio Solution File, Format Version 12.00
# Visual Studio Version 16
VisualStudioVersion = 16.0.30517.126
MinimumVisualStudioVersion = 10.0.40219.1
Project("{9A19103F-16F7-4668-BE54-9A1E7A4F7556}") = "Excellent Result", "Excellent Result\Excellent Result.csproj", "{5D7548FD-D34E-4C51-BB53-0149FAC4EAF8}"
EndProject
Project("{FAE04EC0-301F-11D3-BF4B-00C04F79EFBC}") = "Greater Number", "Greater Number\Greater Number.csproj", "{9306164C-EBD7-466C-A5A1-87D8D913A954}"
EndProject
Project("{FAE04EC0-301F-11D3-BF4B-00C04F79EFBC}") = "Even or Odd", "Even or Odd\Even or Odd.csproj", "{25171E58-FC51-445E-A9C9-C95466568B1F}"
EndProject
Project("{FAE04EC0-301F-11D3-BF4B-00C04F79EFBC}") = "Number 100 to 200", "Number 100 to 200\Number 100 to 200.csproj", "{5AD4777E-0479-4384-AA1E-65251F919C83}"
EndProject
Project("{FAE04EC0-301F-11D3-BF4B-00C04F79EFBC}") = "Password Guess", "Password Guess\Password Guess.csproj", "{7C6419E3-03B9-4032-A420-B1481CC9614D}"
EndProject
Project("{FAE04EC0-301F-11D3-BF4B-00C04F79EFBC}") = "Area of Figures", "Area of Figures\Area of Figures.csproj", "{0D7DA62A-1254-4C8B-909C-08E24FF6144B}"
EndProject
Project("{FAE04EC0-301F-11D3-BF4B-00C04F79EFBC}") = "Toy Shop", "Toy Shop\Toy Shop.csproj", "{E99B71CB-6729-4E28-A850-FCCC883E08D0}"
EndProject
Global
	GlobalSection(SolutionConfigurationPlatforms) = preSolution
		Debug|Any CPU = Debug|Any CPU
		Release|Any CPU = Release|Any CPU
	EndGlobalSection
	GlobalSection(ProjectConfigurationPlatforms) = postSolution
		{5D7548FD-D34E-4C51-BB53-0149FAC4EAF8}.Debug|Any CPU.ActiveCfg = Debug|Any CPU
		{5D7548FD-D34E-4C51-BB53-0149FAC4EAF8}.Debug|Any CPU.Build.0 = Debug|Any CPU
		{5D7548FD-D34E-4C51-BB53-0149FAC4EAF8}.Release|Any CPU.ActiveCfg = Release|Any CPU
		{5D7548FD-D34E-4C51-BB53-0149FAC4EAF8}.Release|Any CPU.Build.0 = Release|Any CPU
		{9306164C-EBD7-466C-A5A1-87D8D913A954}.Debug|Any CPU.ActiveCfg = Debug|Any CPU
		{9306164C-EBD7-466C-A5A1-87D8D913A954}.Debug|Any CPU.Build.0 = Debug|Any CPU
		{9306164C-EBD7-466C-A5A1-87D8D913A954}.Release|Any CPU.ActiveCfg = Release|Any CPU
		{9306164C-EBD7-466C-A5A1-87D8D913A954}.Release|Any CPU.Build.0 = Release|Any CPU
		{25171E58-FC51-445E-A9C9-C95466568B1F}.Debug|Any CPU.ActiveCfg = Debug|Any CPU
		{25171E58-FC51-445E-A9C9-C95466568B1F}.Debug|Any CPU.Build.0 = Debug|Any CPU
		{25171E58-FC51-445E-A9C9-C95466568B1F}.Release|Any CPU.ActiveCfg = Release|Any CPU
		{25171E58-FC51-445E-A9C9-C95466568B1F}.Release|Any CPU.Build.0 = Release|Any CPU
		{5AD4777E-0479-4384-AA1E-65251F919C83}.Debug|Any CPU.ActiveCfg = Debug|Any CPU
		{5AD4777E-0479-4384-AA1E-65251F919C83}.Debug|Any CPU.Build.0 = Debug|Any CPU
		{5AD4777E-0479-4384-AA1E-65251F919C83}.Release|Any CPU.ActiveCfg = Release|Any CPU
		{5AD4777E-0479-4384-AA1E-65251F919C83}.Release|Any CPU.Build.0 = Release|Any CPU
		{7C6419E3-03B9-4032-A420-B1481CC9614D}.Debug|Any CPU.ActiveCfg = Debug|Any CPU
		{7C6419E3-03B9-4032-A420-B1481CC9614D}.Debug|Any CPU.Build.0 = Debug|Any CPU
		{7C6419E3-03B9-4032-A420-B1481CC9614D}.Release|Any CPU.ActiveCfg = Release|Any CPU
		{7C6419E3-03B9-4032-A420-B1481CC9614D}.Release|Any CPU.Build.0 = Release|Any CPU
		{0D7DA62A-1254-4C8B-909C-08E24FF6144B}.Debug|Any CPU.ActiveCfg = Debug|Any CPU
		{0D7DA62A-1254-4C8B-909C-08E24FF6144B}.Debug|Any CPU.Build.0 = Debug|Any CPU
		{0D7DA62A-1254-4C8B-909C-08E24FF6144B}.Release|Any CPU.ActiveCfg = Release|Any CPU
		{0D7DA62A-1254-4C8B-909C-08E24FF6144B}.Release|Any CPU.Build.0 = Release|Any CPU
		{E99B71CB-6729-4E28-A850-FCCC883E08D0}.Debug|Any CPU.ActiveCfg = Debug|Any CPU
		{E99B71CB-6729-4E28-A850-FCCC883E08D0}.Debug|Any CPU.Build.0 = Debug|Any CPU
		{E99B71CB-6729-4E28-A850-FCCC883E08D0}.Release|Any CPU.ActiveCfg = Release|Any CPU
		{E99B71CB-6729-4E28-A850-FCCC883E08D0}.Release|Any CPU.Build.0 = Release|Any CPU
	EndGlobalSection
	GlobalSection(SolutionProperties) = preSolution
		HideSolutionNode = FALSE
	EndGlobalSection
	GlobalSection(ExtensibilityGlobals) = postSolution
		SolutionGuid = {29BD29EA-3532-45E9-B817-436DF8D1C8A7}
	EndGlobalSection
EndGlobal
